
Microsoft Visual Studio Solution File, Format Version 12.00
# Visual Studio 15
VisualStudioVersion = 15.0.27130.2027
MinimumVisualStudioVersion = 10.0.40219.1
Project("{FAE04EC0-301F-11D3-BF4B-00C04F79EFBC}") = "Model", "Model\Model.csproj", "{406DEB77-0CFB-47AA-A419-F168293E5722}"
EndProject
Project("{FAE04EC0-301F-11D3-BF4B-00C04F79EFBC}") = "ModelTest", "ModelTest\ModelTest.csproj", "{B63EBADA-AFDD-49D6-9D0E-BB321C4CA0EF}"
EndProject
Project("{FAE04EC0-301F-11D3-BF4B-00C04F79EFBC}") = "WpfApp", "WpfApp\WpfApp.csproj", "{0F5AB7F3-69B0-4490-952F-E990CD3207E5}"
EndProject
Project("{FAE04EC0-301F-11D3-BF4B-00C04F79EFBC}") = "WpfAppTest", "WpfAppTest\WpfAppTest.csproj", "{53513D19-4603-4140-A02F-9AF3E375FBF1}"
EndProject
Global
	GlobalSection(SolutionConfigurationPlatforms) = preSolution
		Debug|Any CPU = Debug|Any CPU
		Release|Any CPU = Release|Any CPU
	EndGlobalSection
	GlobalSection(ProjectConfigurationPlatforms) = postSolution
		{406DEB77-0CFB-47AA-A419-F168293E5722}.Debug|Any CPU.ActiveCfg = Debug|Any CPU
		{406DEB77-0CFB-47AA-A419-F168293E5722}.Debug|Any CPU.Build.0 = Debug|Any CPU
		{406DEB77-0CFB-47AA-A419-F168293E5722}.Release|Any CPU.ActiveCfg = Release|Any CPU
		{406DEB77-0CFB-47AA-A419-F168293E5722}.Release|Any CPU.Build.0 = Release|Any CPU
		{B63EBADA-AFDD-49D6-9D0E-BB321C4CA0EF}.Debug|Any CPU.ActiveCfg = Debug|Any CPU
		{B63EBADA-AFDD-49D6-9D0E-BB321C4CA0EF}.Debug|Any CPU.Build.0 = Debug|Any CPU
		{B63EBADA-AFDD-49D6-9D0E-BB321C4CA0EF}.Release|Any CPU.ActiveCfg = Release|Any CPU
		{B63EBADA-AFDD-49D6-9D0E-BB321C4CA0EF}.Release|Any CPU.Build.0 = Release|Any CPU
		{0F5AB7F3-69B0-4490-952F-E990CD3207E5}.Debug|Any CPU.ActiveCfg = Debug|Any CPU
		{0F5AB7F3-69B0-4490-952F-E990CD3207E5}.Debug|Any CPU.Build.0 = Debug|Any CPU
		{0F5AB7F3-69B0-4490-952F-E990CD3207E5}.Release|Any CPU.ActiveCfg = Release|Any CPU
		{0F5AB7F3-69B0-4490-952F-E990CD3207E5}.Release|Any CPU.Build.0 = Release|Any CPU
		{53513D19-4603-4140-A02F-9AF3E375FBF1}.Debug|Any CPU.ActiveCfg = Debug|Any CPU
		{53513D19-4603-4140-A02F-9AF3E375FBF1}.Debug|Any CPU.Build.0 = Debug|Any CPU
		{53513D19-4603-4140-A02F-9AF3E375FBF1}.Release|Any CPU.ActiveCfg = Release|Any CPU
		{53513D19-4603-4140-A02F-9AF3E375FBF1}.Release|Any CPU.Build.0 = Release|Any CPU
	EndGlobalSection
	GlobalSection(SolutionProperties) = preSolution
		HideSolutionNode = FALSE
	EndGlobalSection
	GlobalSection(ExtensibilityGlobals) = postSolution
		SolutionGuid = {E3311505-5F25-405C-A540-1CEB3D2EC568}
	EndGlobalSection
EndGlobal
