
Microsoft Visual Studio Solution File, Format Version 12.00
# Visual Studio Version 16
VisualStudioVersion = 16.0.29123.88
MinimumVisualStudioVersion = 10.0.40219.1
Project("{FAE04EC0-301F-11D3-BF4B-00C04F79EFBC}") = "WpfVirtualisation", "WpfVirtualisation\WpfVirtualisation.csproj", "{7CAF9F08-EFBE-4F16-9886-55BEA1DEA1B3}"
EndProject
Project("{FAE04EC0-301F-11D3-BF4B-00C04F79EFBC}") = "CustomControls", "CustomControls\CustomControls.csproj", "{EF902B0E-FDBC-451D-B31C-0A256F08F19F}"
EndProject
Global
	GlobalSection(SolutionConfigurationPlatforms) = preSolution
		Debug|Any CPU = Debug|Any CPU
		Release|Any CPU = Release|Any CPU
	EndGlobalSection
	GlobalSection(ProjectConfigurationPlatforms) = postSolution
		{7CAF9F08-EFBE-4F16-9886-55BEA1DEA1B3}.Debug|Any CPU.ActiveCfg = Debug|Any CPU
		{7CAF9F08-EFBE-4F16-9886-55BEA1DEA1B3}.Debug|Any CPU.Build.0 = Debug|Any CPU
		{7CAF9F08-EFBE-4F16-9886-55BEA1DEA1B3}.Release|Any CPU.ActiveCfg = Release|Any CPU
		{7CAF9F08-EFBE-4F16-9886-55BEA1DEA1B3}.Release|Any CPU.Build.0 = Release|Any CPU
		{EF902B0E-FDBC-451D-B31C-0A256F08F19F}.Debug|Any CPU.ActiveCfg = Debug|Any CPU
		{EF902B0E-FDBC-451D-B31C-0A256F08F19F}.Debug|Any CPU.Build.0 = Debug|Any CPU
		{EF902B0E-FDBC-451D-B31C-0A256F08F19F}.Release|Any CPU.ActiveCfg = Release|Any CPU
		{EF902B0E-FDBC-451D-B31C-0A256F08F19F}.Release|Any CPU.Build.0 = Release|Any CPU
	EndGlobalSection
	GlobalSection(SolutionProperties) = preSolution
		HideSolutionNode = FALSE
	EndGlobalSection
	GlobalSection(ExtensibilityGlobals) = postSolution
		SolutionGuid = {8EEEDE19-73BE-40FC-B3FC-86799CDF722E}
	EndGlobalSection
EndGlobal
