
Microsoft Visual Studio Solution File, Format Version 12.00
# Visual Studio 15
VisualStudioVersion = 15.0.28010.2019
MinimumVisualStudioVersion = 10.0.40219.1
Project("{FAE04EC0-301F-11D3-BF4B-00C04F79EFBC}") = "WpfApp", "WpfApp\WpfApp.csproj", "{F70DD2E1-5C19-437E-B787-237D424B053C}"
EndProject
Project("{FAE04EC0-301F-11D3-BF4B-00C04F79EFBC}") = "ViewModel", "ViewModel\ViewModel.csproj", "{70CBD8F2-AC5B-4E67-B033-9E833FD1E69F}"
EndProject
Project("{FAE04EC0-301F-11D3-BF4B-00C04F79EFBC}") = "View", "View\View.csproj", "{0DC16385-1268-4914-BC44-A546403EFC01}"
EndProject
Global
	GlobalSection(SolutionConfigurationPlatforms) = preSolution
		Debug|Any CPU = Debug|Any CPU
		Release|Any CPU = Release|Any CPU
	EndGlobalSection
	GlobalSection(ProjectConfigurationPlatforms) = postSolution
		{F70DD2E1-5C19-437E-B787-237D424B053C}.Debug|Any CPU.ActiveCfg = Debug|Any CPU
		{F70DD2E1-5C19-437E-B787-237D424B053C}.Debug|Any CPU.Build.0 = Debug|Any CPU
		{F70DD2E1-5C19-437E-B787-237D424B053C}.Release|Any CPU.ActiveCfg = Release|Any CPU
		{F70DD2E1-5C19-437E-B787-237D424B053C}.Release|Any CPU.Build.0 = Release|Any CPU
		{70CBD8F2-AC5B-4E67-B033-9E833FD1E69F}.Debug|Any CPU.ActiveCfg = Debug|Any CPU
		{70CBD8F2-AC5B-4E67-B033-9E833FD1E69F}.Debug|Any CPU.Build.0 = Debug|Any CPU
		{70CBD8F2-AC5B-4E67-B033-9E833FD1E69F}.Release|Any CPU.ActiveCfg = Release|Any CPU
		{70CBD8F2-AC5B-4E67-B033-9E833FD1E69F}.Release|Any CPU.Build.0 = Release|Any CPU
		{0DC16385-1268-4914-BC44-A546403EFC01}.Debug|Any CPU.ActiveCfg = Debug|Any CPU
		{0DC16385-1268-4914-BC44-A546403EFC01}.Debug|Any CPU.Build.0 = Debug|Any CPU
		{0DC16385-1268-4914-BC44-A546403EFC01}.Release|Any CPU.ActiveCfg = Release|Any CPU
		{0DC16385-1268-4914-BC44-A546403EFC01}.Release|Any CPU.Build.0 = Release|Any CPU
	EndGlobalSection
	GlobalSection(SolutionProperties) = preSolution
		HideSolutionNode = FALSE
	EndGlobalSection
	GlobalSection(ExtensibilityGlobals) = postSolution
		SolutionGuid = {CCF5A037-7DAB-46EF-848A-9EFA302AEC7C}
	EndGlobalSection
EndGlobal
