
Microsoft Visual Studio Solution File, Format Version 12.00
# Visual Studio 15
VisualStudioVersion = 15.0.27130.2027
MinimumVisualStudioVersion = 10.0.40219.1
Project("{FAE04EC0-301F-11D3-BF4B-00C04F79EFBC}") = "Logger", "Logger\Logger.csproj", "{92A018C3-20F6-4CB9-BA7B-557B0D2EFF00}"
EndProject
Project("{FAE04EC0-301F-11D3-BF4B-00C04F79EFBC}") = "Model", "Model\Model.csproj", "{45B29CF0-10DA-4BAD-AD74-DBD5F71C9364}"
EndProject
Project("{2150E333-8FDC-42A3-9474-1A3956D46DE8}") = "Test", "Test", "{2CB8B2B8-CFC2-4C65-9FBF-EA083B2E819B}"
EndProject
Project("{FAE04EC0-301F-11D3-BF4B-00C04F79EFBC}") = "ModelTest", "ModelTest\ModelTest.csproj", "{B43671C2-18F0-4551-8A54-78103A038471}"
EndProject
Project("{2150E333-8FDC-42A3-9474-1A3956D46DE8}") = "Solution Items", "Solution Items", "{167195A8-8198-452A-8685-AE7F7280026B}"
EndProject
Global
	GlobalSection(SolutionConfigurationPlatforms) = preSolution
		Debug|Any CPU = Debug|Any CPU
		Release|Any CPU = Release|Any CPU
	EndGlobalSection
	GlobalSection(ProjectConfigurationPlatforms) = postSolution
		{92A018C3-20F6-4CB9-BA7B-557B0D2EFF00}.Debug|Any CPU.ActiveCfg = Debug|Any CPU
		{92A018C3-20F6-4CB9-BA7B-557B0D2EFF00}.Debug|Any CPU.Build.0 = Debug|Any CPU
		{92A018C3-20F6-4CB9-BA7B-557B0D2EFF00}.Release|Any CPU.ActiveCfg = Release|Any CPU
		{92A018C3-20F6-4CB9-BA7B-557B0D2EFF00}.Release|Any CPU.Build.0 = Release|Any CPU
		{45B29CF0-10DA-4BAD-AD74-DBD5F71C9364}.Debug|Any CPU.ActiveCfg = Debug|Any CPU
		{45B29CF0-10DA-4BAD-AD74-DBD5F71C9364}.Debug|Any CPU.Build.0 = Debug|Any CPU
		{45B29CF0-10DA-4BAD-AD74-DBD5F71C9364}.Release|Any CPU.ActiveCfg = Release|Any CPU
		{45B29CF0-10DA-4BAD-AD74-DBD5F71C9364}.Release|Any CPU.Build.0 = Release|Any CPU
		{B43671C2-18F0-4551-8A54-78103A038471}.Debug|Any CPU.ActiveCfg = Debug|Any CPU
		{B43671C2-18F0-4551-8A54-78103A038471}.Debug|Any CPU.Build.0 = Debug|Any CPU
		{B43671C2-18F0-4551-8A54-78103A038471}.Release|Any CPU.ActiveCfg = Release|Any CPU
		{B43671C2-18F0-4551-8A54-78103A038471}.Release|Any CPU.Build.0 = Release|Any CPU
	EndGlobalSection
	GlobalSection(SolutionProperties) = preSolution
		HideSolutionNode = FALSE
	EndGlobalSection
	GlobalSection(NestedProjects) = preSolution
		{B43671C2-18F0-4551-8A54-78103A038471} = {2CB8B2B8-CFC2-4C65-9FBF-EA083B2E819B}
	EndGlobalSection
	GlobalSection(ExtensibilityGlobals) = postSolution
		SolutionGuid = {6400A450-8215-4E17-B7A5-3A7489907AA5}
	EndGlobalSection
EndGlobal
