
Microsoft Visual Studio Solution File, Format Version 12.00
# Visual Studio 15
VisualStudioVersion = 15.0.28307.271
MinimumVisualStudioVersion = 10.0.40219.1
Project("{FAE04EC0-301F-11D3-BF4B-00C04F79EFBC}") = "State", "State\State.csproj", "{F1B2F9F1-D63E-44F1-B883-59D1177C4CF0}"
EndProject
Global
	GlobalSection(SolutionConfigurationPlatforms) = preSolution
		Debug|Any CPU = Debug|Any CPU
		Release|Any CPU = Release|Any CPU
	EndGlobalSection
	GlobalSection(ProjectConfigurationPlatforms) = postSolution
		{F1B2F9F1-D63E-44F1-B883-59D1177C4CF0}.Debug|Any CPU.ActiveCfg = Debug|Any CPU
		{F1B2F9F1-D63E-44F1-B883-59D1177C4CF0}.Debug|Any CPU.Build.0 = Debug|Any CPU
		{F1B2F9F1-D63E-44F1-B883-59D1177C4CF0}.Release|Any CPU.ActiveCfg = Release|Any CPU
		{F1B2F9F1-D63E-44F1-B883-59D1177C4CF0}.Release|Any CPU.Build.0 = Release|Any CPU
	EndGlobalSection
	GlobalSection(SolutionProperties) = preSolution
		HideSolutionNode = FALSE
	EndGlobalSection
	GlobalSection(ExtensibilityGlobals) = postSolution
		SolutionGuid = {181D419C-E4F4-4853-9597-40DB44BCCDBF}
	EndGlobalSection
EndGlobal
