
Microsoft Visual Studio Solution File, Format Version 12.00
# Visual Studio Version 16
VisualStudioVersion = 16.0.29209.62
MinimumVisualStudioVersion = 10.0.40219.1
Project("{FAE04EC0-301F-11D3-BF4B-00C04F79EFBC}") = "Windowing", "Windowing\Windowing.csproj", "{76284B4F-9566-45CE-82BD-C34C141624E3}"
EndProject
Global
	GlobalSection(SolutionConfigurationPlatforms) = preSolution
		Debug|Any CPU = Debug|Any CPU
		Release|Any CPU = Release|Any CPU
	EndGlobalSection
	GlobalSection(ProjectConfigurationPlatforms) = postSolution
		{76284B4F-9566-45CE-82BD-C34C141624E3}.Debug|Any CPU.ActiveCfg = Debug|Any CPU
		{76284B4F-9566-45CE-82BD-C34C141624E3}.Debug|Any CPU.Build.0 = Debug|Any CPU
		{76284B4F-9566-45CE-82BD-C34C141624E3}.Release|Any CPU.ActiveCfg = Release|Any CPU
		{76284B4F-9566-45CE-82BD-C34C141624E3}.Release|Any CPU.Build.0 = Release|Any CPU
	EndGlobalSection
	GlobalSection(SolutionProperties) = preSolution
		HideSolutionNode = FALSE
	EndGlobalSection
	GlobalSection(ExtensibilityGlobals) = postSolution
		SolutionGuid = {D1D363F8-DBF1-4B4F-87B8-313C76A5D0A6}
	EndGlobalSection
EndGlobal
